
Microsoft Visual Studio Solution File, Format Version 12.00
# Visual Studio Version 16
VisualStudioVersion = 16.0.31205.134
MinimumVisualStudioVersion = 10.0.40219.1
Project("{9A19103F-16F7-4668-BE54-9A1E7A4F7556}") = "wpf-test-ui", "wpf-test-ui\wpf-test-ui.csproj", "{84D2DB79-8FBC-4188-9064-9B4501E7B4C5}"
EndProject
Project("{FAE04EC0-301F-11D3-BF4B-00C04F79EFBC}") = "UC_Analyze", "UC_Analyze\UC_Analyze.csproj", "{8B8CD1CA-CC84-421F-A3A3-DE8397B69BFC}"
EndProject
Project("{FAE04EC0-301F-11D3-BF4B-00C04F79EFBC}") = "Common", "Common\Common.csproj", "{4D98D7B1-43D3-4C91-810F-E8E36FFAFC3F}"
EndProject
Global
	GlobalSection(SolutionConfigurationPlatforms) = preSolution
		Debug|Any CPU = Debug|Any CPU
		Release|Any CPU = Release|Any CPU
	EndGlobalSection
	GlobalSection(ProjectConfigurationPlatforms) = postSolution
		{84D2DB79-8FBC-4188-9064-9B4501E7B4C5}.Debug|Any CPU.ActiveCfg = Debug|Any CPU
		{84D2DB79-8FBC-4188-9064-9B4501E7B4C5}.Debug|Any CPU.Build.0 = Debug|Any CPU
		{84D2DB79-8FBC-4188-9064-9B4501E7B4C5}.Release|Any CPU.ActiveCfg = Release|Any CPU
		{84D2DB79-8FBC-4188-9064-9B4501E7B4C5}.Release|Any CPU.Build.0 = Release|Any CPU
		{8B8CD1CA-CC84-421F-A3A3-DE8397B69BFC}.Debug|Any CPU.ActiveCfg = Debug|Any CPU
		{8B8CD1CA-CC84-421F-A3A3-DE8397B69BFC}.Debug|Any CPU.Build.0 = Debug|Any CPU
		{8B8CD1CA-CC84-421F-A3A3-DE8397B69BFC}.Release|Any CPU.ActiveCfg = Release|Any CPU
		{8B8CD1CA-CC84-421F-A3A3-DE8397B69BFC}.Release|Any CPU.Build.0 = Release|Any CPU
		{4D98D7B1-43D3-4C91-810F-E8E36FFAFC3F}.Debug|Any CPU.ActiveCfg = Debug|Any CPU
		{4D98D7B1-43D3-4C91-810F-E8E36FFAFC3F}.Debug|Any CPU.Build.0 = Debug|Any CPU
		{4D98D7B1-43D3-4C91-810F-E8E36FFAFC3F}.Release|Any CPU.ActiveCfg = Release|Any CPU
		{4D98D7B1-43D3-4C91-810F-E8E36FFAFC3F}.Release|Any CPU.Build.0 = Release|Any CPU
	EndGlobalSection
	GlobalSection(SolutionProperties) = preSolution
		HideSolutionNode = FALSE
	EndGlobalSection
	GlobalSection(ExtensibilityGlobals) = postSolution
		SolutionGuid = {3EB19A81-36FC-4673-8112-3769C1F4AD24}
	EndGlobalSection
EndGlobal
